
Microsoft Visual Studio Solution File, Format Version 12.00
# Visual Studio Version 16
VisualStudioVersion = 25.0.1706.4
MinimumVisualStudioVersion = 10.0.40219.1
Project("{FAE04EC0-301F-11D3-BF4B-00C04F79EFBC}") = "CCTest", "CCTest\CCTest.csproj", "{B0233FC3-52D7-4E28-8EC9-4D42EDEFD267}"
EndProject
Global
	GlobalSection(SolutionConfigurationPlatforms) = preSolution
		Debug|Any CPU = Debug|Any CPU
		Release|Any CPU = Release|Any CPU
	EndGlobalSection
	GlobalSection(ProjectConfigurationPlatforms) = postSolution
		{B0233FC3-52D7-4E28-8EC9-4D42EDEFD267}.Debug|Any CPU.ActiveCfg = Debug|Any CPU
		{B0233FC3-52D7-4E28-8EC9-4D42EDEFD267}.Debug|Any CPU.Build.0 = Debug|Any CPU
		{B0233FC3-52D7-4E28-8EC9-4D42EDEFD267}.Release|Any CPU.ActiveCfg = Release|Any CPU
		{B0233FC3-52D7-4E28-8EC9-4D42EDEFD267}.Release|Any CPU.Build.0 = Release|Any CPU
	EndGlobalSection
	GlobalSection(SolutionProperties) = preSolution
		HideSolutionNode = FALSE
	EndGlobalSection
	GlobalSection(ExtensibilityGlobals) = postSolution
		SolutionGuid = {F6AD2EB1-F23D-4037-84C8-2C89566D7BA2}
	EndGlobalSection
EndGlobal
